
Microsoft Visual Studio Solution File, Format Version 12.00
# Visual Studio Version 16
VisualStudioVersion = 16.0.30114.105
MinimumVisualStudioVersion = 10.0.40219.1
Project("{FAE04EC0-301F-11D3-BF4B-00C04F79EFBC}") = "Num.NET", "Num.NET\Num.NET.csproj", "{24DFAC2B-3D5D-43ED-AC56-0F5A84E819BF}"
EndProject
Project("{FAE04EC0-301F-11D3-BF4B-00C04F79EFBC}") = "TensorBasicTest", "TensorBasicTest\TensorBasicTest.csproj", "{95FC7971-7C2D-4606-9044-C21FACB72048}"
EndProject
Global
	GlobalSection(SolutionConfigurationPlatforms) = preSolution
		Debug|Any CPU = Debug|Any CPU
		Release|Any CPU = Release|Any CPU
	EndGlobalSection
	GlobalSection(SolutionProperties) = preSolution
		HideSolutionNode = FALSE
	EndGlobalSection
	GlobalSection(ProjectConfigurationPlatforms) = postSolution
		{24DFAC2B-3D5D-43ED-AC56-0F5A84E819BF}.Debug|Any CPU.ActiveCfg = Debug|Any CPU
		{24DFAC2B-3D5D-43ED-AC56-0F5A84E819BF}.Debug|Any CPU.Build.0 = Debug|Any CPU
		{24DFAC2B-3D5D-43ED-AC56-0F5A84E819BF}.Release|Any CPU.ActiveCfg = Release|Any CPU
		{24DFAC2B-3D5D-43ED-AC56-0F5A84E819BF}.Release|Any CPU.Build.0 = Release|Any CPU
		{95FC7971-7C2D-4606-9044-C21FACB72048}.Debug|Any CPU.ActiveCfg = Debug|Any CPU
		{95FC7971-7C2D-4606-9044-C21FACB72048}.Debug|Any CPU.Build.0 = Debug|Any CPU
		{95FC7971-7C2D-4606-9044-C21FACB72048}.Release|Any CPU.ActiveCfg = Release|Any CPU
		{95FC7971-7C2D-4606-9044-C21FACB72048}.Release|Any CPU.Build.0 = Release|Any CPU
	EndGlobalSection
EndGlobal
